
Microsoft Visual Studio Solution File, Format Version 12.00
Project("{FAE04EC0-301F-11D3-BF4B-00C04F79EFBC}") = "EnumerableExtensions", "EnumerableExtensions\EnumerableExtensions.csproj", "{BB1EE3DC-B41C-4D8C-A316-F17350EE31E8}"
EndProject
Project("{FAE04EC0-301F-11D3-BF4B-00C04F79EFBC}") = "EnumerableExtensions.Tests", "EnumerableExtensions.Tests\EnumerableExtensions.Tests.csproj", "{832E9C25-77A5-4272-A62F-618C164868A7}"
EndProject
Global
	GlobalSection(SolutionConfigurationPlatforms) = preSolution
		Debug|Any CPU = Debug|Any CPU
		Release|Any CPU = Release|Any CPU
	EndGlobalSection
	GlobalSection(ProjectConfigurationPlatforms) = postSolution
		{BB1EE3DC-B41C-4D8C-A316-F17350EE31E8}.Debug|Any CPU.ActiveCfg = Debug|Any CPU
		{BB1EE3DC-B41C-4D8C-A316-F17350EE31E8}.Debug|Any CPU.Build.0 = Debug|Any CPU
		{BB1EE3DC-B41C-4D8C-A316-F17350EE31E8}.Release|Any CPU.ActiveCfg = Release|Any CPU
		{BB1EE3DC-B41C-4D8C-A316-F17350EE31E8}.Release|Any CPU.Build.0 = Release|Any CPU
		{832E9C25-77A5-4272-A62F-618C164868A7}.Debug|Any CPU.ActiveCfg = Debug|Any CPU
		{832E9C25-77A5-4272-A62F-618C164868A7}.Debug|Any CPU.Build.0 = Debug|Any CPU
		{832E9C25-77A5-4272-A62F-618C164868A7}.Release|Any CPU.ActiveCfg = Release|Any CPU
		{832E9C25-77A5-4272-A62F-618C164868A7}.Release|Any CPU.Build.0 = Release|Any CPU
	EndGlobalSection
EndGlobal
